// !$*UTF8*$!
{
	archiveVersion = 1;
	classes = {
	};
	objectVersion = 46;
	objects = {

/* Begin PBXBuildFile section */
		25D91D9117CD4AB80037154E /* UIKit.framework in Frameworks */ = {isa = PBXBuildFile; fileRef = 25D91D9017CD4AB80037154E /* UIKit.framework */; };
		25D91D9317CD4AB80037154E /* Foundation.framework in Frameworks */ = {isa = PBXBuildFile; fileRef = 25D91D9217CD4AB80037154E /* Foundation.framework */; };
		25D91D9517CD4AB80037154E /* CoreGraphics.framework in Frameworks */ = {isa = PBXBuildFile; fileRef = 25D91D9417CD4AB80037154E /* CoreGraphics.framework */; };
		25D91D9B17CD4AB80037154E /* InfoPlist.strings in Resources */ = {isa = PBXBuildFile; fileRef = 25D91D9917CD4AB80037154E /* InfoPlist.strings */; };
		25D91D9D17CD4AB80037154E /* main.m in Sources */ = {isa = PBXBuildFile; fileRef = 25D91D9C17CD4AB80037154E /* main.m */; };
		25D91DA117CD4AB80037154E /* TAHAppDelegate.m in Sources */ = {isa = PBXBuildFile; fileRef = 25D91DA017CD4AB80037154E /* TAHAppDelegate.m */; };
		25D91DA317CD4AB80037154E /* Default.png in Resources */ = {isa = PBXBuildFile; fileRef = 25D91DA217CD4AB80037154E /* Default.png */; };
		25D91DA517CD4AB80037154E /* Default@2x.png in Resources */ = {isa = PBXBuildFile; fileRef = 25D91DA417CD4AB80037154E /* Default@2x.png */; };
		25D91DA717CD4AB80037154E /* Default-568h@2x.png in Resources */ = {isa = PBXBuildFile; fileRef = 25D91DA617CD4AB80037154E /* Default-568h@2x.png */; };
		25D91DAA17CD4AB80037154E /* TAHViewController.m in Sources */ = {isa = PBXBuildFile; fileRef = 25D91DA917CD4AB80037154E /* TAHViewController.m */; };
		25D91DAD17CD4AB80037154E /* TAHViewController.xib in Resources */ = {isa = PBXBuildFile; fileRef = 25D91DAB17CD4AB80037154E /* TAHViewController.xib */; };
		25D91DB417CD4EDE0037154E /* nounlist.txt in Resources */ = {isa = PBXBuildFile; fileRef = 25D91DB317CD4EDE0037154E /* nounlist.txt */; };
/* End PBXBuildFile section */

/* Begin PBXFileReference section */
		25D91D8D17CD4AB80037154E /* PhraseThrowHomework.app */ = {isa = PBXFileReference; explicitFileType = wrapper.application; includeInIndex = 0; path = PhraseThrowHomework.app; sourceTree = BUILT_PRODUCTS_DIR; };
		25D91D9017CD4AB80037154E /* UIKit.framework */ = {isa = PBXFileReference; lastKnownFileType = wrapper.framework; name = UIKit.framework; path = System/Library/Frameworks/UIKit.framework; sourceTree = SDKROOT; };
		25D91D9217CD4AB80037154E /* Foundation.framework */ = {isa = PBXFileReference; lastKnownFileType = wrapper.framework; name = Foundation.framework; path = System/Library/Frameworks/Foundation.framework; sourceTree = SDKROOT; };
		25D91D9417CD4AB80037154E /* CoreGraphics.framework */ = {isa = PBXFileReference; lastKnownFileType = wrapper.framework; name = CoreGraphics.framework; path = System/Library/Frameworks/CoreGraphics.framework; sourceTree = SDKROOT; };
		25D91D9817CD4AB80037154E /* PhraseThrowHomework-Info.plist */ = {isa = PBXFileReference; lastKnownFileType = text.plist.xml; path = "PhraseThrowHomework-Info.plist"; sourceTree = "<group>"; };
		25D91D9A17CD4AB80037154E /* en */ = {isa = PBXFileReference; lastKnownFileType = text.plist.strings; name = en; path = en.lproj/InfoPlist.strings; sourceTree = "<group>"; };
		25D91D9C17CD4AB80037154E /* main.m */ = {isa = PBXFileReference; lastKnownFileType = sourcecode.c.objc; path = main.m; sourceTree = "<group>"; };
		25D91D9E17CD4AB80037154E /* PhraseThrowHomework-Prefix.pch */ = {isa = PBXFileReference; lastKnownFileType = sourcecode.c.h; path = "PhraseThrowHomework-Prefix.pch"; sourceTree = "<group>"; };
		25D91D9F17CD4AB80037154E /* TAHAppDelegate.h */ = {isa = PBXFileReference; lastKnownFileType = sourcecode.c.h; path = TAHAppDelegate.h; sourceTree = "<group>"; };
		25D91DA017CD4AB80037154E /* TAHAppDelegate.m */ = {isa = PBXFileReference; lastKnownFileType = sourcecode.c.objc; path = TAHAppDelegate.m; sourceTree = "<group>"; };
		25D91DA217CD4AB80037154E /* Default.png */ = {isa = PBXFileReference; lastKnownFileType = image.png; path = Default.png; sourceTree = "<group>"; };
		25D91DA417CD4AB80037154E /* Default@2x.png */ = {isa = PBXFileReference; lastKnownFileType = image.png; path = "Default@2x.png"; sourceTree = "<group>"; };
		25D91DA617CD4AB80037154E /* Default-568h@2x.png */ = {isa = PBXFileReference; lastKnownFileType = image.png; path = "Default-568h@2x.png"; sourceTree = "<group>"; };
		25D91DA817CD4AB80037154E /* TAHViewController.h */ = {isa = PBXFileReference; lastKnownFileType = sourcecode.c.h; path = TAHViewController.h; sourceTree = "<group>"; };
		25D91DA917CD4AB80037154E /* TAHViewController.m */ = {isa = PBXFileReference; lastKnownFileType = sourcecode.c.objc; path = TAHViewController.m; sourceTree = "<group>"; };
		25D91DAC17CD4AB80037154E /* en */ = {isa = PBXFileReference; lastKnownFileType = file.xib; name = en; path = en.lproj/TAHViewController.xib; sourceTree = "<group>"; };
		25D91DB317CD4EDE0037154E /* nounlist.txt */ = {isa = PBXFileReference; fileEncoding = 4; lastKnownFileType = text; path = nounlist.txt; sourceTree = "<group>"; };
/* End PBXFileReference section */

/* Begin PBXFrameworksBuildPhase section */
		25D91D8A17CD4AB80037154E /* Frameworks */ = {
			isa = PBXFrameworksBuildPhase;
			buildActionMask = 2147483647;
			files = (
				25D91D9117CD4AB80037154E /* UIKit.framework in Frameworks */,
				25D91D9317CD4AB80037154E /* Foundation.framework in Frameworks */,
				25D91D9517CD4AB80037154E /* CoreGraphics.framework in Frameworks */,
			);
			runOnlyForDeploymentPostprocessing = 0;
		};
/* End PBXFrameworksBuildPhase section */

/* Begin PBXGroup section */
		25D91D8417CD4AB80037154E = {
			isa = PBXGroup;
			children = (
				25D91D9617CD4AB80037154E /* PhraseThrowHomework */,
				25D91D8F17CD4AB80037154E /* Frameworks */,
				25D91D8E17CD4AB80037154E /* Products */,
			);
			sourceTree = "<group>";
		};
		25D91D8E17CD4AB80037154E /* Products */ = {
			isa = PBXGroup;
			children = (
				25D91D8D17CD4AB80037154E /* PhraseThrowHomework.app */,
			);
			name = Products;
			sourceTree = "<group>";
		};
		25D91D8F17CD4AB80037154E /* Frameworks */ = {
			isa = PBXGroup;
			children = (
				25D91D9017CD4AB80037154E /* UIKit.framework */,
				25D91D9217CD4AB80037154E /* Foundation.framework */,
				25D91D9417CD4AB80037154E /* CoreGraphics.framework */,
			);
			name = Frameworks;
			sourceTree = "<group>";
		};
		25D91D9617CD4AB80037154E /* PhraseThrowHomework */ = {
			isa = PBXGroup;
			children = (
				25D91D9F17CD4AB80037154E /* TAHAppDelegate.h */,
				25D91DA017CD4AB80037154E /* TAHAppDelegate.m */,
				25D91DA817CD4AB80037154E /* TAHViewController.h */,
				25D91DA917CD4AB80037154E /* TAHViewController.m */,
				25D91DAB17CD4AB80037154E /* TAHViewController.xib */,
				25D91D9717CD4AB80037154E /* Supporting Files */,
			);
			path = PhraseThrowHomework;
			sourceTree = "<group>";
		};
		25D91D9717CD4AB80037154E /* Supporting Files */ = {
			isa = PBXGroup;
			children = (
				25D91DB317CD4EDE0037154E /* nounlist.txt */,
				25D91D9817CD4AB80037154E /* PhraseThrowHomework-Info.plist */,
				25D91D9917CD4AB80037154E /* InfoPlist.strings */,
				25D91D9C17CD4AB80037154E /* main.m */,
				25D91D9E17CD4AB80037154E /* PhraseThrowHomework-Prefix.pch */,
				25D91DA217CD4AB80037154E /* Default.png */,
				25D91DA417CD4AB80037154E /* Default@2x.png */,
				25D91DA617CD4AB80037154E /* Default-568h@2x.png */,
			);
			name = "Supporting Files";
			sourceTree = "<group>";
		};
/* End PBXGroup section */

/* Begin PBXNativeTarget section */
		25D91D8C17CD4AB80037154E /* PhraseThrowHomework */ = {
			isa = PBXNativeTarget;
			buildConfigurationList = 25D91DB017CD4AB80037154E /* Build configuration list for PBXNativeTarget "PhraseThrowHomework" */;
			buildPhases = (
				25D91D8917CD4AB80037154E /* Sources */,
				25D91D8A17CD4AB80037154E /* Frameworks */,
				25D91D8B17CD4AB80037154E /* Resources */,
			);
			buildRules = (
			);
			dependencies = (
			);
			name = PhraseThrowHomework;
			productName = PhraseThrowHomework;
			productReference = 25D91D8D17CD4AB80037154E /* PhraseThrowHomework.app */;
			productType = "com.apple.product-type.application";
		};
/* End PBXNativeTarget section */

/* Begin PBXProject section */
		25D91D8517CD4AB80037154E /* Project object */ = {
			isa = PBXProject;
			attributes = {
				CLASSPREFIX = TAH;
				LastUpgradeCheck = 0460;
				ORGANIZATIONNAME = hedrick.tyler;
			};
			buildConfigurationList = 25D91D8817CD4AB80037154E /* Build configuration list for PBXProject "PhraseThrowHomework" */;
			compatibilityVersion = "Xcode 3.2";
			developmentRegion = English;
			hasScannedForEncodings = 0;
			knownRegions = (
				en,
			);
			mainGroup = 25D91D8417CD4AB80037154E;
			productRefGroup = 25D91D8E17CD4AB80037154E /* Products */;
			projectDirPath = "";
			projectRoot = "";
			targets = (
				25D91D8C17CD4AB80037154E /* PhraseThrowHomework */,
			);
		};
/* End PBXProject section */

/* Begin PBXResourcesBuildPhase section */
		25D91D8B17CD4AB80037154E /* Resources */ = {
			isa = PBXResourcesBuildPhase;
			buildActionMask = 2147483647;
			files = (
				25D91D9B17CD4AB80037154E /* InfoPlist.strings in Resources */,
				25D91DA317CD4AB80037154E /* Default.png in Resources */,
				25D91DA517CD4AB80037154E /* Default@2x.png in Resources */,
				25D91DA717CD4AB80037154E /* Default-568h@2x.png in Resources */,
				25D91DAD17CD4AB80037154E /* TAHViewController.xib in Resources */,
				25D91DB417CD4EDE0037154E /* nounlist.txt in Resources */,
			);
			runOnlyForDeploymentPostprocessing = 0;
		};
/* End PBXResourcesBuildPhase section */

/* Begin PBXSourcesBuildPhase section */
		25D91D8917CD4AB80037154E /* Sources */ = {
			isa = PBXSourcesBuildPhase;
			buildActionMask = 2147483647;
			files = (
				25D91D9D17CD4AB80037154E /* main.m in Sources */,
				25D91DA117CD4AB80037154E /* TAHAppDelegate.m in Sources */,
				25D91DAA17CD4AB80037154E /* TAHViewController.m in Sources */,
			);
			runOnlyForDeploymentPostprocessing = 0;
		};
/* End PBXSourcesBuildPhase section */

/* Begin PBXVariantGroup section */
		25D91D9917CD4AB80037154E /* InfoPlist.strings */ = {
			isa = PBXVariantGroup;
			children = (
				25D91D9A17CD4AB80037154E /* en */,
			);
			name = InfoPlist.strings;
			sourceTree = "<group>";
		};
		25D91DAB17CD4AB80037154E /* TAHViewController.xib */ = {
			isa = PBXVariantGroup;
			children = (
				25D91DAC17CD4AB80037154E /* en */,
			);
			name = TAHViewController.xib;
			sourceTree = "<group>";
		};
/* End PBXVariantGroup section */

/* Begin XCBuildConfiguration section */
		25D91DAE17CD4AB80037154E /* Debug */ = {
			isa = XCBuildConfiguration;
			buildSettings = {
				ALWAYS_SEARCH_USER_PATHS = NO;
				CLANG_CXX_LANGUAGE_STANDARD = "gnu++0x";
				CLANG_CXX_LIBRARY = "libc++";
				CLANG_ENABLE_OBJC_ARC = YES;
				CLANG_WARN_CONSTANT_CONVERSION = YES;
				CLANG_WARN_EMPTY_BODY = YES;
				CLANG_WARN_ENUM_CONVERSION = YES;
				CLANG_WARN_INT_CONVERSION = YES;
				CLANG_WARN__DUPLICATE_METHOD_MATCH = YES;
				"CODE_SIGN_IDENTITY[sdk=iphoneos*]" = "iPhone Developer";
				COPY_PHASE_STRIP = NO;
				GCC_C_LANGUAGE_STANDARD = gnu99;
				GCC_DYNAMIC_NO_PIC = NO;
				GCC_OPTIMIZATION_LEVEL = 0;
				GCC_PREPROCESSOR_DEFINITIONS = (
					"DEBUG=1",
					"$(inherited)",
				);
				GCC_SYMBOLS_PRIVATE_EXTERN = NO;
				GCC_WARN_ABOUT_RETURN_TYPE = YES;
				GCC_WARN_UNINITIALIZED_AUTOS = YES;
				GCC_WARN_UNUSED_VARIABLE = YES;
				IPHONEOS_DEPLOYMENT_TARGET = 6.1;
				ONLY_ACTIVE_ARCH = YES;
				SDKROOT = iphoneos;
			};
			name = Debug;
		};
		25D91DAF17CD4AB80037154E /* Release */ = {
			isa = XCBuildConfiguration;
			buildSettings = {
				ALWAYS_SEARCH_USER_PATHS = NO;
				CLANG_CXX_LANGUAGE_STANDARD = "gnu++0x";
				CLANG_CXX_LIBRARY = "libc++";
				CLANG_ENABLE_OBJC_ARC = YES;
				CLANG_WARN_CONSTANT_CONVERSION = YES;
				CLANG_WARN_EMPTY_BODY = YES;
				CLANG_WARN_ENUM_CONVERSION = YES;
				CLANG_WARN_INT_CONVERSION = YES;
				CLANG_WARN__DUPLICATE_METHOD_MATCH = YES;
				"CODE_SIGN_IDENTITY[sdk=iphoneos*]" = "iPhone Developer";
				COPY_PHASE_STRIP = YES;
				GCC_C_LANGUAGE_STANDARD = gnu99;
				GCC_WARN_ABOUT_RETURN_TYPE = YES;
				GCC_WARN_UNINITIALIZED_AUTOS = YES;
				GCC_WARN_UNUSED_VARIABLE = YES;
				IPHONEOS_DEPLOYMENT_TARGET = 6.1;
				OTHER_CFLAGS = "-DNS_BLOCK_ASSERTIONS=1";
				SDKROOT = iphoneos;
				VALIDATE_PRODUCT = YES;
			};
			name = Release;
		};
		25D91DB117CD4AB80037154E /* Debug */ = {
			isa = XCBuildConfiguration;
			buildSettings = {
				GCC_PRECOMPILE_PREFIX_HEADER = YES;
				GCC_PREFIX_HEADER = "PhraseThrowHomework/PhraseThrowHomework-Prefix.pch";
				INFOPLIST_FILE = "PhraseThrowHomework/PhraseThrowHomework-Info.plist";
				PRODUCT_NAME = "$(TARGET_NAME)";
				WRAPPER_EXTENSION = app;
			};
			name = Debug;
		};
		25D91DB217CD4AB80037154E /* Release */ = {
			isa = XCBuildConfiguration;
			buildSettings = {
				GCC_PRECOMPILE_PREFIX_HEADER = YES;
				GCC_PREFIX_HEADER = "PhraseThrowHomework/PhraseThrowHomework-Prefix.pch";
				INFOPLIST_FILE = "PhraseThrowHomework/PhraseThrowHomework-Info.plist";
				PRODUCT_NAME = "$(TARGET_NAME)";
				WRAPPER_EXTENSION = app;
			};
			name = Release;
		};
/* End XCBuildConfiguration section */

/* Begin XCConfigurationList section */
		25D91D8817CD4AB80037154E /* Build configuration list for PBXProject "PhraseThrowHomework" */ = {
			isa = XCConfigurationList;
			buildConfigurations = (
				25D91DAE17CD4AB80037154E /* Debug */,
				25D91DAF17CD4AB80037154E /* Release */,
			);
			defaultConfigurationIsVisible = 0;
			defaultConfigurationName = Release;
		};
		25D91DB017CD4AB80037154E /* Build configuration list for PBXNativeTarget "PhraseThrowHomework" */ = {
			isa = XCConfigurationList;
			buildConfigurations = (
				25D91DB117CD4AB80037154E /* Debug */,
				25D91DB217CD4AB80037154E /* Release */,
			);
			defaultConfigurationIsVisible = 0;
		};
/* End XCConfigurationList section */
	};
	rootObject = 25D91D8517CD4AB80037154E /* Project object */;
}
